
Microsoft Visual Studio Solution File, Format Version 12.00
# Visual Studio Version 17
VisualStudioVersion = 17.7.34031.279
MinimumVisualStudioVersion = 10.0.40219.1
Project("{FAE04EC0-301F-11D3-BF4B-00C04F79EFBC}") = "decriptando", "decriptando\decriptando.csproj", "{687AB21D-A4BC-4C95-BEDD-3683D01666F9}"
EndProject
Global
	GlobalSection(SolutionConfigurationPlatforms) = preSolution
		Debug|Any CPU = Debug|Any CPU
		Release|Any CPU = Release|Any CPU
	EndGlobalSection
	GlobalSection(ProjectConfigurationPlatforms) = postSolution
		{687AB21D-A4BC-4C95-BEDD-3683D01666F9}.Debug|Any CPU.ActiveCfg = Debug|Any CPU
		{687AB21D-A4BC-4C95-BEDD-3683D01666F9}.Debug|Any CPU.Build.0 = Debug|Any CPU
		{687AB21D-A4BC-4C95-BEDD-3683D01666F9}.Release|Any CPU.ActiveCfg = Release|Any CPU
		{687AB21D-A4BC-4C95-BEDD-3683D01666F9}.Release|Any CPU.Build.0 = Release|Any CPU
	EndGlobalSection
	GlobalSection(SolutionProperties) = preSolution
		HideSolutionNode = FALSE
	EndGlobalSection
	GlobalSection(ExtensibilityGlobals) = postSolution
		SolutionGuid = {48AD55C8-9553-4DA9-B8A6-80AC58B9F606}
	EndGlobalSection
EndGlobal
